
Microsoft Visual Studio Solution File, Format Version 12.00
# Visual Studio Version 16
VisualStudioVersion = 16.0.30907.101
MinimumVisualStudioVersion = 10.0.40219.1
Project("{FAE04EC0-301F-11D3-BF4B-00C04F79EFBC}") = "ECCE", "ECCE\ECCE.csproj", "{DF6315C8-40E5-417E-A6FC-24B85F2A5ED2}"
EndProject
Global
	GlobalSection(SolutionConfigurationPlatforms) = preSolution
		Debug|Any CPU = Debug|Any CPU
		Release|Any CPU = Release|Any CPU
	EndGlobalSection
	GlobalSection(ProjectConfigurationPlatforms) = postSolution
		{DF6315C8-40E5-417E-A6FC-24B85F2A5ED2}.Debug|Any CPU.ActiveCfg = Debug|Any CPU
		{DF6315C8-40E5-417E-A6FC-24B85F2A5ED2}.Debug|Any CPU.Build.0 = Debug|Any CPU
		{DF6315C8-40E5-417E-A6FC-24B85F2A5ED2}.Release|Any CPU.ActiveCfg = Release|Any CPU
		{DF6315C8-40E5-417E-A6FC-24B85F2A5ED2}.Release|Any CPU.Build.0 = Release|Any CPU
	EndGlobalSection
	GlobalSection(SolutionProperties) = preSolution
		HideSolutionNode = FALSE
	EndGlobalSection
	GlobalSection(ExtensibilityGlobals) = postSolution
		SolutionGuid = {5359E28A-738D-4B2B-AE6A-5927FB49E5AA}
	EndGlobalSection
EndGlobal
